version: 5
environments:
  default:
    channels:
    - url: https://conda.anaconda.org/conda-forge/
    packages:
      linux-64:
      - conda: https://conda.anaconda.org/conda-forge/linux-64/_libgcc_mutex-0.1-conda_forge.tar.bz2
      - conda: https://conda.anaconda.org/conda-forge/linux-64/_openmp_mutex-4.5-2_gnu.tar.bz2
      - conda: https://conda.anaconda.org/conda-forge/linux-64/ca-certificates-2024.2.2-hbcca054_0.conda
      - conda: https://conda.anaconda.org/conda-forge/linux-64/libgcc-ng-13.2.0-h77fa898_6.conda
      - conda: https://conda.anaconda.org/conda-forge/linux-64/libgomp-13.2.0-h77fa898_6.conda
      - conda: https://conda.anaconda.org/conda-forge/linux-64/libstdcxx-ng-13.2.0-hc0a3c3a_6.conda
      - conda: https://conda.anaconda.org/conda-forge/linux-64/openssl-3.3.0-hd590300_0.conda
      - conda: https://conda.anaconda.org/conda-forge/linux-64/rattler-build-0.15.0-h614bb76_0.conda
packages:
- kind: conda
  name: _libgcc_mutex
  version: '0.1'
  build: conda_forge
  subdir: linux-64
  url: https://conda.anaconda.org/conda-forge/linux-64/_libgcc_mutex-0.1-conda_forge.tar.bz2
  sha256: fe51de6107f9edc7aa4f786a70f4a883943bc9d39b3bb7307c04c41410990726
  md5: d7c89558ba9fa0495403155b64376d81
  license: None
  size: 2562
  timestamp: 1578324546067
- kind: conda
  name: _openmp_mutex
  version: '4.5'
  build: 2_gnu
  build_number: 16
  subdir: linux-64
  url: https://conda.anaconda.org/conda-forge/linux-64/_openmp_mutex-4.5-2_gnu.tar.bz2
  sha256: fbe2c5e56a653bebb982eda4876a9178aedfc2b545f25d0ce9c4c0b508253d22
  md5: 73aaf86a425cc6e73fcf236a5a46396d
  depends:
  - _libgcc_mutex 0.1 conda_forge
  - libgomp >=7.5.0
  constrains:
  - openmp_impl 9999
  license: BSD-3-Clause
  license_family: BSD
  size: 23621
  timestamp: 1650670423406
- kind: conda
  name: ca-certificates
  version: 2024.2.2
  build: hbcca054_0
  subdir: linux-64
  url: https://conda.anaconda.org/conda-forge/linux-64/ca-certificates-2024.2.2-hbcca054_0.conda
  sha256: 91d81bfecdbb142c15066df70cc952590ae8991670198f92c66b62019b251aeb
  md5: 2f4327a1cbe7f022401b236e915a5fef
  license: ISC
  size: 155432
  timestamp: 1706843687645
- kind: conda
  name: libgcc-ng
  version: 13.2.0
  build: h77fa898_6
  build_number: 6
  subdir: linux-64
  url: https://conda.anaconda.org/conda-forge/linux-64/libgcc-ng-13.2.0-h77fa898_6.conda
  sha256: 8bd6311a05f02459eb3efafe948f21e58170ccfcce4350a86de35d7573256bb2
  md5: 4398809ac84d0b8c28beebaaa83277f5
  depends:
  - _libgcc_mutex 0.1 conda_forge
  - _openmp_mutex >=4.5
  constrains:
  - libgomp 13.2.0 h77fa898_6
  license: GPL-3.0-only WITH GCC-exception-3.1
  size: 777610
  timestamp: 1714581763008
- kind: conda
  name: libgomp
  version: 13.2.0
  build: h77fa898_6
  build_number: 6
  subdir: linux-64
  url: https://conda.anaconda.org/conda-forge/linux-64/libgomp-13.2.0-h77fa898_6.conda
  sha256: b059ec2403a421c71c33633ece6be2ccd303e376aae6079f8cfda96d42616527
  md5: e733e0573651a1f0639fa8ce066a286e
  depends:
  - _libgcc_mutex 0.1 conda_forge
  license: GPL-3.0-only WITH GCC-exception-3.1
  size: 420177
  timestamp: 1714581699319
- kind: conda
  name: libstdcxx-ng
  version: 13.2.0
  build: hc0a3c3a_6
  build_number: 6
  subdir: linux-64
  url: https://conda.anaconda.org/conda-forge/linux-64/libstdcxx-ng-13.2.0-hc0a3c3a_6.conda
  sha256: 547903d5ffecf49543c6ca9f6e504f0a8a47920b0517395cf529b4a955f1c3d4
  md5: 2f18345bbc433c8a1ed887d7161e86a6
  license: GPL-3.0-only WITH GCC-exception-3.1
  size: 3844194
  timestamp: 1714581807420
- kind: conda
  name: openssl
  version: 3.3.0
  build: hd590300_0
  subdir: linux-64
  url: https://conda.anaconda.org/conda-forge/linux-64/openssl-3.3.0-hd590300_0.conda
  sha256: fdbf05e4db88c592366c90bb82e446edbe33c6e49e5130d51c580b2629c0b5d5
  md5: c0f3abb4a16477208bbd43a39bd56f18
  depends:
  - ca-certificates
  - libgcc-ng >=12
  constrains:
  - pyopenssl >=22.1
  license: Apache-2.0
  license_family: Apache
  size: 2895187
  timestamp: 1714466138265
- kind: conda
  name: rattler-build
  version: 0.15.0
  build: h614bb76_0
  subdir: linux-64
  url: https://conda.anaconda.org/conda-forge/linux-64/rattler-build-0.15.0-h614bb76_0.conda
  sha256: 6f0fdf6e4cbb8416df982e4814e112c0e26a8eb9e6184a640e5ff155a9063796
  md5: 7e5875d2427c0c38a399648036583647
  depends:
  - libgcc-ng >=12
  - libstdcxx-ng >=12
  - openssl >=3.2.1,<4.0a0
  license: BSD-3-Clause
  license_family: BSD
  size: 9921940
  timestamp: 1713390727210
